// !$*UTF8*$!
{
	archiveVersion = 1;
	classes = {
	};
	objectVersion = 48;
	objects = {

/* Begin PBXBuildFile section */
		896D042E20413E2D0040C62B /* AppDelegate.swift in Sources */ = {isa = PBXBuildFile; fileRef = 896D042D20413E2D0040C62B /* AppDelegate.swift */; };
		896D043020413E2D0040C62B /* ViewController.swift in Sources */ = {isa = PBXBuildFile; fileRef = 896D042F20413E2D0040C62B /* ViewController.swift */; };
		896D043320413E2D0040C62B /* Main.storyboard in Resources */ = {isa = PBXBuildFile; fileRef = 896D043120413E2D0040C62B /* Main.storyboard */; };
		896D043520413E2D0040C62B /* Assets.xcassets in Resources */ = {isa = PBXBuildFile; fileRef = 896D043420413E2D0040C62B /* Assets.xcassets */; };
		896D043820413E2D0040C62B /* LaunchScreen.storyboard in Resources */ = {isa = PBXBuildFile; fileRef = 896D043620413E2D0040C62B /* LaunchScreen.storyboard */; };
		896D0440204142230040C62B /* GobangCell.swift in Sources */ = {isa = PBXBuildFile; fileRef = 896D043F204142230040C62B /* GobangCell.swift */; };
		896D044220415C660040C62B /* GoBangModel.swift in Sources */ = {isa = PBXBuildFile; fileRef = 896D044120415C660040C62B /* GoBangModel.swift */; };
/* End PBXBuildFile section */

/* Begin PBXFileReference section */
		896D042A20413E2D0040C62B /* Gobang.app */ = {isa = PBXFileReference; explicitFileType = wrapper.application; includeInIndex = 0; path = Gobang.app; sourceTree = BUILT_PRODUCTS_DIR; };
		896D042D20413E2D0040C62B /* AppDelegate.swift */ = {isa = PBXFileReference; lastKnownFileType = sourcecode.swift; path = AppDelegate.swift; sourceTree = "<group>"; };
		896D042F20413E2D0040C62B /* ViewController.swift */ = {isa = PBXFileReference; lastKnownFileType = sourcecode.swift; path = ViewController.swift; sourceTree = "<group>"; };
		896D043220413E2D0040C62B /* Base */ = {isa = PBXFileReference; lastKnownFileType = file.storyboard; name = Base; path = Base.lproj/Main.storyboard; sourceTree = "<group>"; };
		896D043420413E2D0040C62B /* Assets.xcassets */ = {isa = PBXFileReference; lastKnownFileType = folder.assetcatalog; path = Assets.xcassets; sourceTree = "<group>"; };
		896D043720413E2D0040C62B /* Base */ = {isa = PBXFileReference; lastKnownFileType = file.storyboard; name = Base; path = Base.lproj/LaunchScreen.storyboard; sourceTree = "<group>"; };
		896D043920413E2D0040C62B /* Info.plist */ = {isa = PBXFileReference; lastKnownFileType = text.plist.xml; path = Info.plist; sourceTree = "<group>"; };
		896D043F204142230040C62B /* GobangCell.swift */ = {isa = PBXFileReference; lastKnownFileType = sourcecode.swift; path = GobangCell.swift; sourceTree = "<group>"; };
		896D044120415C660040C62B /* GoBangModel.swift */ = {isa = PBXFileReference; lastKnownFileType = sourcecode.swift; path = GoBangModel.swift; sourceTree = "<group>"; };
/* End PBXFileReference section */

/* Begin PBXFrameworksBuildPhase section */
		896D042720413E2D0040C62B /* Frameworks */ = {
			isa = PBXFrameworksBuildPhase;
			buildActionMask = 2147483647;
			files = (
			);
			runOnlyForDeploymentPostprocessing = 0;
		};
/* End PBXFrameworksBuildPhase section */

/* Begin PBXGroup section */
		896D042120413E2D0040C62B = {
			isa = PBXGroup;
			children = (
				896D042C20413E2D0040C62B /* Gobang */,
				896D042B20413E2D0040C62B /* Products */,
			);
			sourceTree = "<group>";
		};
		896D042B20413E2D0040C62B /* Products */ = {
			isa = PBXGroup;
			children = (
				896D042A20413E2D0040C62B /* Gobang.app */,
			);
			name = Products;
			sourceTree = "<group>";
		};
		896D042C20413E2D0040C62B /* Gobang */ = {
			isa = PBXGroup;
			children = (
				896D042D20413E2D0040C62B /* AppDelegate.swift */,
				896D042F20413E2D0040C62B /* ViewController.swift */,
				896D043120413E2D0040C62B /* Main.storyboard */,
				896D043420413E2D0040C62B /* Assets.xcassets */,
				896D043620413E2D0040C62B /* LaunchScreen.storyboard */,
				896D043920413E2D0040C62B /* Info.plist */,
				896D043F204142230040C62B /* GobangCell.swift */,
				896D044120415C660040C62B /* GoBangModel.swift */,
			);
			path = Gobang;
			sourceTree = "<group>";
		};
/* End PBXGroup section */

/* Begin PBXNativeTarget section */
		896D042920413E2D0040C62B /* Gobang */ = {
			isa = PBXNativeTarget;
			buildConfigurationList = 896D043C20413E2D0040C62B /* Build configuration list for PBXNativeTarget "Gobang" */;
			buildPhases = (
				896D042620413E2D0040C62B /* Sources */,
				896D042720413E2D0040C62B /* Frameworks */,
				896D042820413E2D0040C62B /* Resources */,
			);
			buildRules = (
			);
			dependencies = (
			);
			name = Gobang;
			productName = Gobang;
			productReference = 896D042A20413E2D0040C62B /* Gobang.app */;
			productType = "com.apple.product-type.application";
		};
/* End PBXNativeTarget section */

/* Begin PBXProject section */
		896D042220413E2D0040C62B /* Project object */ = {
			isa = PBXProject;
			attributes = {
				LastSwiftUpdateCheck = 0920;
				LastUpgradeCheck = 0920;
				ORGANIZATIONNAME = nietao;
				TargetAttributes = {
					896D042920413E2D0040C62B = {
						CreatedOnToolsVersion = 9.2;
						ProvisioningStyle = Automatic;
					};
				};
			};
			buildConfigurationList = 896D042520413E2D0040C62B /* Build configuration list for PBXProject "Gobang" */;
			compatibilityVersion = "Xcode 8.0";
			developmentRegion = en;
			hasScannedForEncodings = 0;
			knownRegions = (
				en,
				Base,
			);
			mainGroup = 896D042120413E2D0040C62B;
			productRefGroup = 896D042B20413E2D0040C62B /* Products */;
			projectDirPath = "";
			projectRoot = "";
			targets = (
				896D042920413E2D0040C62B /* Gobang */,
			);
		};
/* End PBXProject section */

/* Begin PBXResourcesBuildPhase section */
		896D042820413E2D0040C62B /* Resources */ = {
			isa = PBXResourcesBuildPhase;
			buildActionMask = 2147483647;
			files = (
				896D043820413E2D0040C62B /* LaunchScreen.storyboard in Resources */,
				896D043520413E2D0040C62B /* Assets.xcassets in Resources */,
				896D043320413E2D0040C62B /* Main.storyboard in Resources */,
			);
			runOnlyForDeploymentPostprocessing = 0;
		};
/* End PBXResourcesBuildPhase section */

/* Begin PBXSourcesBuildPhase section */
		896D042620413E2D0040C62B /* Sources */ = {
			isa = PBXSourcesBuildPhase;
			buildActionMask = 2147483647;
			files = (
				896D043020413E2D0040C62B /* ViewController.swift in Sources */,
				896D042E20413E2D0040C62B /* AppDelegate.swift in Sources */,
				896D0440204142230040C62B /* GobangCell.swift in Sources */,
				896D044220415C660040C62B /* GoBangModel.swift in Sources */,
			);
			runOnlyForDeploymentPostprocessing = 0;
		};
/* End PBXSourcesBuildPhase section */

/* Begin PBXVariantGroup section */
		896D043120413E2D0040C62B /* Main.storyboard */ = {
			isa = PBXVariantGroup;
			children = (
				896D043220413E2D0040C62B /* Base */,
			);
			name = Main.storyboard;
			sourceTree = "<group>";
		};
		896D043620413E2D0040C62B /* LaunchScreen.storyboard */ = {
			isa = PBXVariantGroup;
			children = (
				896D043720413E2D0040C62B /* Base */,
			);
			name = LaunchScreen.storyboard;
			sourceTree = "<group>";
		};
/* End PBXVariantGroup section */

/* Begin XCBuildConfiguration section */
		896D043A20413E2D0040C62B /* Debug */ = {
			isa = XCBuildConfiguration;
			buildSettings = {
				ALWAYS_SEARCH_USER_PATHS = NO;
				CLANG_ANALYZER_NONNULL = YES;
				CLANG_ANALYZER_NUMBER_OBJECT_CONVERSION = YES_AGGRESSIVE;
				CLANG_CXX_LANGUAGE_STANDARD = "gnu++14";
				CLANG_CXX_LIBRARY = "libc++";
				CLANG_ENABLE_MODULES = YES;
				CLANG_ENABLE_OBJC_ARC = YES;
				CLANG_WARN_BLOCK_CAPTURE_AUTORELEASING = YES;
				CLANG_WARN_BOOL_CONVERSION = YES;
				CLANG_WARN_COMMA = YES;
				CLANG_WARN_CONSTANT_CONVERSION = YES;
				CLANG_WARN_DIRECT_OBJC_ISA_USAGE = YES_ERROR;
				CLANG_WARN_DOCUMENTATION_COMMENTS = YES;
				CLANG_WARN_EMPTY_BODY = YES;
				CLANG_WARN_ENUM_CONVERSION = YES;
				CLANG_WARN_INFINITE_RECURSION = YES;
				CLANG_WARN_INT_CONVERSION = YES;
				CLANG_WARN_NON_LITERAL_NULL_CONVERSION = YES;
				CLANG_WARN_OBJC_LITERAL_CONVERSION = YES;
				CLANG_WARN_OBJC_ROOT_CLASS = YES_ERROR;
				CLANG_WARN_RANGE_LOOP_ANALYSIS = YES;
				CLANG_WARN_STRICT_PROTOTYPES = YES;
				CLANG_WARN_SUSPICIOUS_MOVE = YES;
				CLANG_WARN_UNGUARDED_AVAILABILITY = YES_AGGRESSIVE;
				CLANG_WARN_UNREACHABLE_CODE = YES;
				CLANG_WARN__DUPLICATE_METHOD_MATCH = YES;
				CODE_SIGN_IDENTITY = "iPhone Developer";
				COPY_PHASE_STRIP = NO;
				DEBUG_INFORMATION_FORMAT = dwarf;
				ENABLE_STRICT_OBJC_MSGSEND = YES;
				ENABLE_TESTABILITY = YES;
				GCC_C_LANGUAGE_STANDARD = gnu11;
				GCC_DYNAMIC_NO_PIC = NO;
				GCC_NO_COMMON_BLOCKS = YES;
				GCC_OPTIMIZATION_LEVEL = 0;
				GCC_PREPROCESSOR_DEFINITIONS = (
					"DEBUG=1",
					"$(inherited)",
				);
				GCC_WARN_64_TO_32_BIT_CONVERSION = YES;
				GCC_WARN_ABOUT_RETURN_TYPE = YES_ERROR;
				GCC_WARN_UNDECLARED_SELECTOR = YES;
				GCC_WARN_UNINITIALIZED_AUTOS = YES_AGGRESSIVE;
				GCC_WARN_UNUSED_FUNCTION = YES;
				GCC_WARN_UNUSED_VARIABLE = YES;
				IPHONEOS_DEPLOYMENT_TARGET = 11.2;
				MTL_ENABLE_DEBUG_INFO = YES;
				ONLY_ACTIVE_ARCH = YES;
				SDKROOT = iphoneos;
				SWIFT_ACTIVE_COMPILATION_CONDITIONS = DEBUG;
				SWIFT_OPTIMIZATION_LEVEL = "-Onone";
			};
			name = Debug;
		};
		896D043B20413E2D0040C62B /* Release */ = {
			isa = XCBuildConfiguration;
			buildSettings = {
				ALWAYS_SEARCH_USER_PATHS = NO;
				CLANG_ANALYZER_NONNULL = YES;
				CLANG_ANALYZER_NUMBER_OBJECT_CONVERSION = YES_AGGRESSIVE;
				CLANG_CXX_LANGUAGE_STANDARD = "gnu++14";
				CLANG_CXX_LIBRARY = "libc++";
				CLANG_ENABLE_MODULES = YES;
				CLANG_ENABLE_OBJC_ARC = YES;
				CLANG_WARN_BLOCK_CAPTURE_AUTORELEASING = YES;
				CLANG_WARN_BOOL_CONVERSION = YES;
				CLANG_WARN_COMMA = YES;
				CLANG_WARN_CONSTANT_CONVERSION = YES;
				CLANG_WARN_DIRECT_OBJC_ISA_USAGE = YES_ERROR;
				CLANG_WARN_DOCUMENTATION_COMMENTS = YES;
				CLANG_WARN_EMPTY_BODY = YES;
				CLANG_WARN_ENUM_CONVERSION = YES;
				CLANG_WARN_INFINITE_RECURSION = YES;
				CLANG_WARN_INT_CONVERSION = YES;
				CLANG_WARN_NON_LITERAL_NULL_CONVERSION = YES;
				CLANG_WARN_OBJC_LITERAL_CONVERSION = YES;
				CLANG_WARN_OBJC_ROOT_CLASS = YES_ERROR;
				CLANG_WARN_RANGE_LOOP_ANALYSIS = YES;
				CLANG_WARN_STRICT_PROTOTYPES = YES;
				CLANG_WARN_SUSPICIOUS_MOVE = YES;
				CLANG_WARN_UNGUARDED_AVAILABILITY = YES_AGGRESSIVE;
				CLANG_WARN_UNREACHABLE_CODE = YES;
				CLANG_WARN__DUPLICATE_METHOD_MATCH = YES;
				CODE_SIGN_IDENTITY = "iPhone Developer";
				COPY_PHASE_STRIP = NO;
				DEBUG_INFORMATION_FORMAT = "dwarf-with-dsym";
				ENABLE_NS_ASSERTIONS = NO;
				ENABLE_STRICT_OBJC_MSGSEND = YES;
				GCC_C_LANGUAGE_STANDARD = gnu11;
				GCC_NO_COMMON_BLOCKS = YES;
				GCC_WARN_64_TO_32_BIT_CONVERSION = YES;
				GCC_WARN_ABOUT_RETURN_TYPE = YES_ERROR;
				GCC_WARN_UNDECLARED_SELECTOR = YES;
				GCC_WARN_UNINITIALIZED_AUTOS = YES_AGGRESSIVE;
				GCC_WARN_UNUSED_FUNCTION = YES;
				GCC_WARN_UNUSED_VARIABLE = YES;
				IPHONEOS_DEPLOYMENT_TARGET = 11.2;
				MTL_ENABLE_DEBUG_INFO = NO;
				SDKROOT = iphoneos;
				SWIFT_OPTIMIZATION_LEVEL = "-Owholemodule";
				VALIDATE_PRODUCT = YES;
			};
			name = Release;
		};
		896D043D20413E2D0040C62B /* Debug */ = {
			isa = XCBuildConfiguration;
			buildSettings = {
				ASSETCATALOG_COMPILER_APPICON_NAME = AppIcon;
				CODE_SIGN_STYLE = Automatic;
				DEVELOPMENT_TEAM = VKVP78R32T;
				INFOPLIST_FILE = Gobang/Info.plist;
				LD_RUNPATH_SEARCH_PATHS = "$(inherited) @executable_path/Frameworks";
				PRODUCT_BUNDLE_IDENTIFIER = "-.Gobang";
				PRODUCT_NAME = "$(TARGET_NAME)";
				SWIFT_VERSION = 4.0;
				TARGETED_DEVICE_FAMILY = "1,2";
			};
			name = Debug;
		};
		896D043E20413E2D0040C62B /* Release */ = {
			isa = XCBuildConfiguration;
			buildSettings = {
				ASSETCATALOG_COMPILER_APPICON_NAME = AppIcon;
				CODE_SIGN_STYLE = Automatic;
				DEVELOPMENT_TEAM = VKVP78R32T;
				INFOPLIST_FILE = Gobang/Info.plist;
				LD_RUNPATH_SEARCH_PATHS = "$(inherited) @executable_path/Frameworks";
				PRODUCT_BUNDLE_IDENTIFIER = "-.Gobang";
				PRODUCT_NAME = "$(TARGET_NAME)";
				SWIFT_VERSION = 4.0;
				TARGETED_DEVICE_FAMILY = "1,2";
			};
			name = Release;
		};
/* End XCBuildConfiguration section */

/* Begin XCConfigurationList section */
		896D042520413E2D0040C62B /* Build configuration list for PBXProject "Gobang" */ = {
			isa = XCConfigurationList;
			buildConfigurations = (
				896D043A20413E2D0040C62B /* Debug */,
				896D043B20413E2D0040C62B /* Release */,
			);
			defaultConfigurationIsVisible = 0;
			defaultConfigurationName = Release;
		};
		896D043C20413E2D0040C62B /* Build configuration list for PBXNativeTarget "Gobang" */ = {
			isa = XCConfigurationList;
			buildConfigurations = (
				896D043D20413E2D0040C62B /* Debug */,
				896D043E20413E2D0040C62B /* Release */,
			);
			defaultConfigurationIsVisible = 0;
			defaultConfigurationName = Release;
		};
/* End XCConfigurationList section */
	};
	rootObject = 896D042220413E2D0040C62B /* Project object */;
}
